{
  "version": 4,
  "terraform_version": "1.12.2",
  "serial": 1,
  "lineage": "6c22ab6b-977b-3f91-f8c1-ccc1eb9090e1",
  "outputs": {},
  "resources": [
    {
      "mode": "managed",
      "type": "local_file",
      "name": "hello",
      "provider": "provider[\"registry.terraform.io/hashicorp/local\"]",
      "instances": [
        {
          "schema_version": 0,
          "attributes": {
            "content": "PBL4-AWS-Terraform - Week 1: Init successful!",
            "content_base64": null,
            "content_base64sha256": "noXHktzKpYckH5ME5cmJ7rTIY4JuFFq7JcuI8k5pv00=",
            "content_base64sha512": "D31Eirss4hATKOOGd8Se0EKqq4TYhBN7iogwlgqi+ofUySDaNZ2xiZ/LIGR+q6dE9UqTGxtTYuWTSu65/VPBpg==",
            "content_md5": "d70116ba07aab6b727adead9cb480419",
            "content_sha1": "0bdf6c5fe1d11bb2c98f8a9d316f88d19b24e468",
            "content_sha256": "9e85c792dccaa587241f9304e5c989eeb4c863826e145abb25cb88f24e69bf4d",
            "content_sha512": "0f7d448abb2ce2101328e38677c49ed042aaab84d884137b8a8830960aa2fa87d4c920da359db1899fcb20647eaba744f54a931b1b5362e5934aeeb9fd53c1a6",
            "directory_permission": "0777",
            "file_permission": "0777",
            "filename": "./hello.txt",
            "id": "0bdf6c5fe1d11bb2c98f8a9d316f88d19b24e468",
            "sensitive_content": null,
            "source": null
          },
          "sensitive_attributes": [
            [
              {
                "type": "get_attr",
                "value": "sensitive_content"
              }
            ]
          ],
          "identity_schema_version": 0
        }
      ]
    }
  ],
  "check_results": null
}
